{
  "name": "picolor-js",
  "version": "1.0.0",
  "lockfileVersion": 1,
  "requires": true,
  "dependencies": {
    "@types/chroma-js": {
      "version": "1.3.3",
      "resolved": "https://registry.npmjs.org/@types/chroma-js/-/chroma-js-1.3.3.tgz",
      "integrity": "sha512-kvfsyvshBuqc8kyk1zC/Kpkg5SNCIZnAkykOKrbNTMxq6HcIZwbnLCe2hmWQOYayHMr10/QRjQYbpYjg6nGvtQ==",
      "dev": true
    },
    "chroma-js": {
      "version": "1.3.4",
      "resolved": "https://registry.npmjs.org/chroma-js/-/chroma-js-1.3.4.tgz",
      "integrity": "sha1-k6fBnyh5YChcw/3rsgW46hoPBPk="
    },
    "commander": {
      "version": "2.11.0",
      "resolved": "https://registry.npmjs.org/commander/-/commander-2.11.0.tgz",
      "integrity": "sha512-b0553uYA5YAEGgyYIGYROzKQ7X5RAqedkfjiZxwi0kL1g3bOaBNNZfYkzt/CL0umgD5wc9Jec2FbB98CjkMRvQ==",
      "dev": true
    },
    "source-map": {
      "version": "0.6.1",
      "resolved": "https://registry.npmjs.org/source-map/-/source-map-0.6.1.tgz",
      "integrity": "sha512-UjgapumWlbMhkBgzT7Ykc5YXUT46F0iKu8SGXq0bcwP5dz/h0Plj6enJqjz1Zbq2l5WaqYnrVbwWOWMyF3F47g==",
      "dev": true
    },
    "typescript": {
      "version": "2.6.1",
      "resolved": "https://registry.npmjs.org/typescript/-/typescript-2.6.1.tgz",
      "integrity": "sha1-7znN6ierrAtQAkLWcmq5DgyEZjE=",
      "dev": true
    },
    "uglify-es": {
      "version": "3.1.6",
      "resolved": "https://registry.npmjs.org/uglify-es/-/uglify-es-3.1.6.tgz",
      "integrity": "sha512-7zyH8T4rT3/iLVzNI7Oa8hVQSlv280S8y2/a2EmvEObft3067rdUJJKjBspc70d0HUk1Og1V5Ny4UgZOlZ0hSg==",
      "dev": true,
      "requires": {
        "commander": "2.11.0",
        "source-map": "0.6.1"
      }
    }
  }
}
